// !$*UTF8*$!
{
	archiveVersion = 1;
	classes = {
	};
	objectVersion = 55;
	objects = {

/* Begin PBXBuildFile section */
		882C23AD278AF2DF007BD81D /* AppDelegate.swift in Sources */ = {isa = PBXBuildFile; fileRef = 882C23AC278AF2DF007BD81D /* AppDelegate.swift */; };
		882C23AF278AF2DF007BD81D /* SceneDelegate.swift in Sources */ = {isa = PBXBuildFile; fileRef = 882C23AE278AF2DF007BD81D /* SceneDelegate.swift */; };
		882C23B1278AF2DF007BD81D /* ViewController.swift in Sources */ = {isa = PBXBuildFile; fileRef = 882C23B0278AF2DF007BD81D /* ViewController.swift */; };
		882C23B4278AF2DF007BD81D /* Main.storyboard in Resources */ = {isa = PBXBuildFile; fileRef = 882C23B2278AF2DF007BD81D /* Main.storyboard */; };
		882C23B6278AF2E2007BD81D /* Assets.xcassets in Resources */ = {isa = PBXBuildFile; fileRef = 882C23B5278AF2E2007BD81D /* Assets.xcassets */; };
		882C23B9278AF2E2007BD81D /* LaunchScreen.storyboard in Resources */ = {isa = PBXBuildFile; fileRef = 882C23B7278AF2E2007BD81D /* LaunchScreen.storyboard */; };
/* End PBXBuildFile section */

/* Begin PBXContainerItemProxy section */
		882C23C0278AF2E2007BD81D /* PBXContainerItemProxy */ = {
			isa = PBXContainerItemProxy;
			containerPortal = 882C23A1278AF2DF007BD81D /* Project object */;
			proxyType = 1;
			remoteGlobalIDString = 882C23A8278AF2DF007BD81D;
			remoteInfo = day1Ryadh;
		};
		882C23CA278AF2E2007BD81D /* PBXContainerItemProxy */ = {
			isa = PBXContainerItemProxy;
			containerPortal = 882C23A1278AF2DF007BD81D /* Project object */;
			proxyType = 1;
			remoteGlobalIDString = 882C23A8278AF2DF007BD81D;
			remoteInfo = day1Ryadh;
		};
/* End PBXContainerItemProxy section */

/* Begin PBXFileReference section */
		882C23A9278AF2DF007BD81D /* day1Ryadh.app */ = {isa = PBXFileReference; explicitFileType = wrapper.application; includeInIndex = 0; path = day1Ryadh.app; sourceTree = BUILT_PRODUCTS_DIR; };
		882C23AC278AF2DF007BD81D /* AppDelegate.swift */ = {isa = PBXFileReference; lastKnownFileType = sourcecode.swift; path = AppDelegate.swift; sourceTree = "<group>"; };
		882C23AE278AF2DF007BD81D /* SceneDelegate.swift */ = {isa = PBXFileReference; lastKnownFileType = sourcecode.swift; path = SceneDelegate.swift; sourceTree = "<group>"; };
		882C23B0278AF2DF007BD81D /* ViewController.swift */ = {isa = PBXFileReference; lastKnownFileType = sourcecode.swift; path = ViewController.swift; sourceTree = "<group>"; };
		882C23B3278AF2DF007BD81D /* Base */ = {isa = PBXFileReference; lastKnownFileType = file.storyboard; name = Base; path = Base.lproj/Main.storyboard; sourceTree = "<group>"; };
		882C23B5278AF2E2007BD81D /* Assets.xcassets */ = {isa = PBXFileReference; lastKnownFileType = folder.assetcatalog; path = Assets.xcassets; sourceTree = "<group>"; };
		882C23B8278AF2E2007BD81D /* Base */ = {isa = PBXFileReference; lastKnownFileType = file.storyboard; name = Base; path = Base.lproj/LaunchScreen.storyboard; sourceTree = "<group>"; };
		882C23BA278AF2E2007BD81D /* Info.plist */ = {isa = PBXFileReference; lastKnownFileType = text.plist.xml; path = Info.plist; sourceTree = "<group>"; };
		882C23BF278AF2E2007BD81D /* day1RyadhTests.xctest */ = {isa = PBXFileReference; explicitFileType = wrapper.cfbundle; includeInIndex = 0; path = day1RyadhTests.xctest; sourceTree = BUILT_PRODUCTS_DIR; };
		882C23C9278AF2E2007BD81D /* day1RyadhUITests.xctest */ = {isa = PBXFileReference; explicitFileType = wrapper.cfbundle; includeInIndex = 0; path = day1RyadhUITests.xctest; sourceTree = BUILT_PRODUCTS_DIR; };
/* End PBXFileReference section */

/* Begin PBXFrameworksBuildPhase section */
		882C23A6278AF2DF007BD81D /* Frameworks */ = {
			isa = PBXFrameworksBuildPhase;
			buildActionMask = 2147483647;
			files = (
			);
			runOnlyForDeploymentPostprocessing = 0;
		};
		882C23BC278AF2E2007BD81D /* Frameworks */ = {
			isa = PBXFrameworksBuildPhase;
			buildActionMask = 2147483647;
			files = (
			);
			runOnlyForDeploymentPostprocessing = 0;
		};
		882C23C6278AF2E2007BD81D /* Frameworks */ = {
			isa = PBXFrameworksBuildPhase;
			buildActionMask = 2147483647;
			files = (
			);
			runOnlyForDeploymentPostprocessing = 0;
		};
/* End PBXFrameworksBuildPhase section */

/* Begin PBXGroup section */
		882C23A0278AF2DF007BD81D = {
			isa = PBXGroup;
			children = (
				882C23AB278AF2DF007BD81D /* day1Ryadh */,
				882C23AA278AF2DF007BD81D /* Products */,
			);
			sourceTree = "<group>";
		};
		882C23AA278AF2DF007BD81D /* Products */ = {
			isa = PBXGroup;
			children = (
				882C23A9278AF2DF007BD81D /* day1Ryadh.app */,
				882C23BF278AF2E2007BD81D /* day1RyadhTests.xctest */,
				882C23C9278AF2E2007BD81D /* day1RyadhUITests.xctest */,
			);
			name = Products;
			sourceTree = "<group>";
		};
		882C23AB278AF2DF007BD81D /* day1Ryadh */ = {
			isa = PBXGroup;
			children = (
				882C23AC278AF2DF007BD81D /* AppDelegate.swift */,
				882C23AE278AF2DF007BD81D /* SceneDelegate.swift */,
				882C23B0278AF2DF007BD81D /* ViewController.swift */,
				882C23B2278AF2DF007BD81D /* Main.storyboard */,
				882C23B5278AF2E2007BD81D /* Assets.xcassets */,
				882C23B7278AF2E2007BD81D /* LaunchScreen.storyboard */,
				882C23BA278AF2E2007BD81D /* Info.plist */,
			);
			path = day1Ryadh;
			sourceTree = "<group>";
		};
/* End PBXGroup section */

/* Begin PBXNativeTarget section */
		882C23A8278AF2DF007BD81D /* day1Ryadh */ = {
			isa = PBXNativeTarget;
			buildConfigurationList = 882C23D3278AF2E2007BD81D /* Build configuration list for PBXNativeTarget "day1Ryadh" */;
			buildPhases = (
				882C23A5278AF2DF007BD81D /* Sources */,
				882C23A6278AF2DF007BD81D /* Frameworks */,
				882C23A7278AF2DF007BD81D /* Resources */,
			);
			buildRules = (
			);
			dependencies = (
			);
			name = day1Ryadh;
			productName = day1Ryadh;
			productReference = 882C23A9278AF2DF007BD81D /* day1Ryadh.app */;
			productType = "com.apple.product-type.application";
		};
		882C23BE278AF2E2007BD81D /* day1RyadhTests */ = {
			isa = PBXNativeTarget;
			buildConfigurationList = 882C23D6278AF2E2007BD81D /* Build configuration list for PBXNativeTarget "day1RyadhTests" */;
			buildPhases = (
				882C23BB278AF2E2007BD81D /* Sources */,
				882C23BC278AF2E2007BD81D /* Frameworks */,
				882C23BD278AF2E2007BD81D /* Resources */,
			);
			buildRules = (
			);
			dependencies = (
				882C23C1278AF2E2007BD81D /* PBXTargetDependency */,
			);
			name = day1RyadhTests;
			productName = day1RyadhTests;
			productReference = 882C23BF278AF2E2007BD81D /* day1RyadhTests.xctest */;
			productType = "com.apple.product-type.bundle.unit-test";
		};
		882C23C8278AF2E2007BD81D /* day1RyadhUITests */ = {
			isa = PBXNativeTarget;
			buildConfigurationList = 882C23D9278AF2E2007BD81D /* Build configuration list for PBXNativeTarget "day1RyadhUITests" */;
			buildPhases = (
				882C23C5278AF2E2007BD81D /* Sources */,
				882C23C6278AF2E2007BD81D /* Frameworks */,
				882C23C7278AF2E2007BD81D /* Resources */,
			);
			buildRules = (
			);
			dependencies = (
				882C23CB278AF2E2007BD81D /* PBXTargetDependency */,
			);
			name = day1RyadhUITests;
			productName = day1RyadhUITests;
			productReference = 882C23C9278AF2E2007BD81D /* day1RyadhUITests.xctest */;
			productType = "com.apple.product-type.bundle.ui-testing";
		};
/* End PBXNativeTarget section */

/* Begin PBXProject section */
		882C23A1278AF2DF007BD81D /* Project object */ = {
			isa = PBXProject;
			attributes = {
				BuildIndependentTargetsInParallel = 1;
				LastSwiftUpdateCheck = 1300;
				LastUpgradeCheck = 1300;
				TargetAttributes = {
					882C23A8278AF2DF007BD81D = {
						CreatedOnToolsVersion = 13.0;
					};
					882C23BE278AF2E2007BD81D = {
						CreatedOnToolsVersion = 13.0;
						TestTargetID = 882C23A8278AF2DF007BD81D;
					};
					882C23C8278AF2E2007BD81D = {
						CreatedOnToolsVersion = 13.0;
						TestTargetID = 882C23A8278AF2DF007BD81D;
					};
				};
			};
			buildConfigurationList = 882C23A4278AF2DF007BD81D /* Build configuration list for PBXProject "day1Ryadh" */;
			compatibilityVersion = "Xcode 13.0";
			developmentRegion = en;
			hasScannedForEncodings = 0;
			knownRegions = (
				en,
				Base,
			);
			mainGroup = 882C23A0278AF2DF007BD81D;
			productRefGroup = 882C23AA278AF2DF007BD81D /* Products */;
			projectDirPath = "";
			projectRoot = "";
			targets = (
				882C23A8278AF2DF007BD81D /* day1Ryadh */,
				882C23BE278AF2E2007BD81D /* day1RyadhTests */,
				882C23C8278AF2E2007BD81D /* day1RyadhUITests */,
			);
		};
/* End PBXProject section */

/* Begin PBXResourcesBuildPhase section */
		882C23A7278AF2DF007BD81D /* Resources */ = {
			isa = PBXResourcesBuildPhase;
			buildActionMask = 2147483647;
			files = (
				882C23B9278AF2E2007BD81D /* LaunchScreen.storyboard in Resources */,
				882C23B6278AF2E2007BD81D /* Assets.xcassets in Resources */,
				882C23B4278AF2DF007BD81D /* Main.storyboard in Resources */,
			);
			runOnlyForDeploymentPostprocessing = 0;
		};
		882C23BD278AF2E2007BD81D /* Resources */ = {
			isa = PBXResourcesBuildPhase;
			buildActionMask = 2147483647;
			files = (
			);
			runOnlyForDeploymentPostprocessing = 0;
		};
		882C23C7278AF2E2007BD81D /* Resources */ = {
			isa = PBXResourcesBuildPhase;
			buildActionMask = 2147483647;
			files = (
			);
			runOnlyForDeploymentPostprocessing = 0;
		};
/* End PBXResourcesBuildPhase section */

/* Begin PBXSourcesBuildPhase section */
		882C23A5278AF2DF007BD81D /* Sources */ = {
			isa = PBXSourcesBuildPhase;
			buildActionMask = 2147483647;
			files = (
				882C23B1278AF2DF007BD81D /* ViewController.swift in Sources */,
				882C23AD278AF2DF007BD81D /* AppDelegate.swift in Sources */,
				882C23AF278AF2DF007BD81D /* SceneDelegate.swift in Sources */,
			);
			runOnlyForDeploymentPostprocessing = 0;
		};
		882C23BB278AF2E2007BD81D /* Sources */ = {
			isa = PBXSourcesBuildPhase;
			buildActionMask = 2147483647;
			files = (
			);
			runOnlyForDeploymentPostprocessing = 0;
		};
		882C23C5278AF2E2007BD81D /* Sources */ = {
			isa = PBXSourcesBuildPhase;
			buildActionMask = 2147483647;
			files = (
			);
			runOnlyForDeploymentPostprocessing = 0;
		};
/* End PBXSourcesBuildPhase section */

/* Begin PBXTargetDependency section */
		882C23C1278AF2E2007BD81D /* PBXTargetDependency */ = {
			isa = PBXTargetDependency;
			target = 882C23A8278AF2DF007BD81D /* day1Ryadh */;
			targetProxy = 882C23C0278AF2E2007BD81D /* PBXContainerItemProxy */;
		};
		882C23CB278AF2E2007BD81D /* PBXTargetDependency */ = {
			isa = PBXTargetDependency;
			target = 882C23A8278AF2DF007BD81D /* day1Ryadh */;
			targetProxy = 882C23CA278AF2E2007BD81D /* PBXContainerItemProxy */;
		};
/* End PBXTargetDependency section */

/* Begin PBXVariantGroup section */
		882C23B2278AF2DF007BD81D /* Main.storyboard */ = {
			isa = PBXVariantGroup;
			children = (
				882C23B3278AF2DF007BD81D /* Base */,
			);
			name = Main.storyboard;
			sourceTree = "<group>";
		};
		882C23B7278AF2E2007BD81D /* LaunchScreen.storyboard */ = {
			isa = PBXVariantGroup;
			children = (
				882C23B8278AF2E2007BD81D /* Base */,
			);
			name = LaunchScreen.storyboard;
			sourceTree = "<group>";
		};
/* End PBXVariantGroup section */

/* Begin XCBuildConfiguration section */
		882C23D1278AF2E2007BD81D /* Debug */ = {
			isa = XCBuildConfiguration;
			buildSettings = {
				ALWAYS_SEARCH_USER_PATHS = NO;
				CLANG_ANALYZER_NONNULL = YES;
				CLANG_ANALYZER_NUMBER_OBJECT_CONVERSION = YES_AGGRESSIVE;
				CLANG_CXX_LANGUAGE_STANDARD = "gnu++17";
				CLANG_CXX_LIBRARY = "libc++";
				CLANG_ENABLE_MODULES = YES;
				CLANG_ENABLE_OBJC_ARC = YES;
				CLANG_ENABLE_OBJC_WEAK = YES;
				CLANG_WARN_BLOCK_CAPTURE_AUTORELEASING = YES;
				CLANG_WARN_BOOL_CONVERSION = YES;
				CLANG_WARN_COMMA = YES;
				CLANG_WARN_CONSTANT_CONVERSION = YES;
				CLANG_WARN_DEPRECATED_OBJC_IMPLEMENTATIONS = YES;
				CLANG_WARN_DIRECT_OBJC_ISA_USAGE = YES_ERROR;
				CLANG_WARN_DOCUMENTATION_COMMENTS = YES;
				CLANG_WARN_EMPTY_BODY = YES;
				CLANG_WARN_ENUM_CONVERSION = YES;
				CLANG_WARN_INFINITE_RECURSION = YES;
				CLANG_WARN_INT_CONVERSION = YES;
				CLANG_WARN_NON_LITERAL_NULL_CONVERSION = YES;
				CLANG_WARN_OBJC_IMPLICIT_RETAIN_SELF = YES;
				CLANG_WARN_OBJC_LITERAL_CONVERSION = YES;
				CLANG_WARN_OBJC_ROOT_CLASS = YES_ERROR;
				CLANG_WARN_QUOTED_INCLUDE_IN_FRAMEWORK_HEADER = YES;
				CLANG_WARN_RANGE_LOOP_ANALYSIS = YES;
				CLANG_WARN_STRICT_PROTOTYPES = YES;
				CLANG_WARN_SUSPICIOUS_MOVE = YES;
				CLANG_WARN_UNGUARDED_AVAILABILITY = YES_AGGRESSIVE;
				CLANG_WARN_UNREACHABLE_CODE = YES;
				CLANG_WARN__DUPLICATE_METHOD_MATCH = YES;
				COPY_PHASE_STRIP = NO;
				DEBUG_INFORMATION_FORMAT = dwarf;
				ENABLE_STRICT_OBJC_MSGSEND = YES;
				ENABLE_TESTABILITY = YES;
				GCC_C_LANGUAGE_STANDARD = gnu11;
				GCC_DYNAMIC_NO_PIC = NO;
				GCC_NO_COMMON_BLOCKS = YES;
				GCC_OPTIMIZATION_LEVEL = 0;
				GCC_PREPROCESSOR_DEFINITIONS = (
					"DEBUG=1",
					"$(inherited)",
				);
				GCC_WARN_64_TO_32_BIT_CONVERSION = YES;
				GCC_WARN_ABOUT_RETURN_TYPE = YES_ERROR;
				GCC_WARN_UNDECLARED_SELECTOR = YES;
				GCC_WARN_UNINITIALIZED_AUTOS = YES_AGGRESSIVE;
				GCC_WARN_UNUSED_FUNCTION = YES;
				GCC_WARN_UNUSED_VARIABLE = YES;
				IPHONEOS_DEPLOYMENT_TARGET = 15.0;
				MTL_ENABLE_DEBUG_INFO = INCLUDE_SOURCE;
				MTL_FAST_MATH = YES;
				ONLY_ACTIVE_ARCH = YES;
				SDKROOT = iphoneos;
				SWIFT_ACTIVE_COMPILATION_CONDITIONS = DEBUG;
				SWIFT_OPTIMIZATION_LEVEL = "-Onone";
			};
			name = Debug;
		};
		882C23D2278AF2E2007BD81D /* Release */ = {
			isa = XCBuildConfiguration;
			buildSettings = {
				ALWAYS_SEARCH_USER_PATHS = NO;
				CLANG_ANALYZER_NONNULL = YES;
				CLANG_ANALYZER_NUMBER_OBJECT_CONVERSION = YES_AGGRESSIVE;
				CLANG_CXX_LANGUAGE_STANDARD = "gnu++17";
				CLANG_CXX_LIBRARY = "libc++";
				CLANG_ENABLE_MODULES = YES;
				CLANG_ENABLE_OBJC_ARC = YES;
				CLANG_ENABLE_OBJC_WEAK = YES;
				CLANG_WARN_BLOCK_CAPTURE_AUTORELEASING = YES;
				CLANG_WARN_BOOL_CONVERSION = YES;
				CLANG_WARN_COMMA = YES;
				CLANG_WARN_CONSTANT_CONVERSION = YES;
				CLANG_WARN_DEPRECATED_OBJC_IMPLEMENTATIONS = YES;
				CLANG_WARN_DIRECT_OBJC_ISA_USAGE = YES_ERROR;
				CLANG_WARN_DOCUMENTATION_COMMENTS = YES;
				CLANG_WARN_EMPTY_BODY = YES;
				CLANG_WARN_ENUM_CONVERSION = YES;
				CLANG_WARN_INFINITE_RECURSION = YES;
				CLANG_WARN_INT_CONVERSION = YES;
				CLANG_WARN_NON_LITERAL_NULL_CONVERSION = YES;
				CLANG_WARN_OBJC_IMPLICIT_RETAIN_SELF = YES;
				CLANG_WARN_OBJC_LITERAL_CONVERSION = YES;
				CLANG_WARN_OBJC_ROOT_CLASS = YES_ERROR;
				CLANG_WARN_QUOTED_INCLUDE_IN_FRAMEWORK_HEADER = YES;
				CLANG_WARN_RANGE_LOOP_ANALYSIS = YES;
				CLANG_WARN_STRICT_PROTOTYPES = YES;
				CLANG_WARN_SUSPICIOUS_MOVE = YES;
				CLANG_WARN_UNGUARDED_AVAILABILITY = YES_AGGRESSIVE;
				CLANG_WARN_UNREACHABLE_CODE = YES;
				CLANG_WARN__DUPLICATE_METHOD_MATCH = YES;
				COPY_PHASE_STRIP = NO;
				DEBUG_INFORMATION_FORMAT = "dwarf-with-dsym";
				ENABLE_NS_ASSERTIONS = NO;
				ENABLE_STRICT_OBJC_MSGSEND = YES;
				GCC_C_LANGUAGE_STANDARD = gnu11;
				GCC_NO_COMMON_BLOCKS = YES;
				GCC_WARN_64_TO_32_BIT_CONVERSION = YES;
				GCC_WARN_ABOUT_RETURN_TYPE = YES_ERROR;
				GCC_WARN_UNDECLARED_SELECTOR = YES;
				GCC_WARN_UNINITIALIZED_AUTOS = YES_AGGRESSIVE;
				GCC_WARN_UNUSED_FUNCTION = YES;
				GCC_WARN_UNUSED_VARIABLE = YES;
				IPHONEOS_DEPLOYMENT_TARGET = 15.0;
				MTL_ENABLE_DEBUG_INFO = NO;
				MTL_FAST_MATH = YES;
				SDKROOT = iphoneos;
				SWIFT_COMPILATION_MODE = wholemodule;
				SWIFT_OPTIMIZATION_LEVEL = "-O";
				VALIDATE_PRODUCT = YES;
			};
			name = Release;
		};
		882C23D4278AF2E2007BD81D /* Debug */ = {
			isa = XCBuildConfiguration;
			buildSettings = {
				ASSETCATALOG_COMPILER_APPICON_NAME = AppIcon;
				ASSETCATALOG_COMPILER_GLOBAL_ACCENT_COLOR_NAME = AccentColor;
				CODE_SIGN_STYLE = Automatic;
				CURRENT_PROJECT_VERSION = 1;
				DEVELOPMENT_TEAM = LK3PZ28UMW;
				GENERATE_INFOPLIST_FILE = YES;
				INFOPLIST_FILE = day1Ryadh/Info.plist;
				INFOPLIST_KEY_UIApplicationSupportsIndirectInputEvents = YES;
				INFOPLIST_KEY_UILaunchStoryboardName = LaunchScreen;
				INFOPLIST_KEY_UIMainStoryboardFile = Main;
				INFOPLIST_KEY_UISupportedInterfaceOrientations_iPad = "UIInterfaceOrientationPortrait UIInterfaceOrientationPortraitUpsideDown UIInterfaceOrientationLandscapeLeft UIInterfaceOrientationLandscapeRight";
				INFOPLIST_KEY_UISupportedInterfaceOrientations_iPhone = "UIInterfaceOrientationPortrait UIInterfaceOrientationLandscapeLeft UIInterfaceOrientationLandscapeRight";
				LD_RUNPATH_SEARCH_PATHS = (
					"$(inherited)",
					"@executable_path/Frameworks",
				);
				MARKETING_VERSION = 1.0;
				PRODUCT_BUNDLE_IDENTIFIER = com.Osama.folta.day1Ryadh;
				PRODUCT_NAME = "$(TARGET_NAME)";
				SWIFT_EMIT_LOC_STRINGS = YES;
				SWIFT_VERSION = 5.0;
				TARGETED_DEVICE_FAMILY = "1,2";
			};
			name = Debug;
		};
		882C23D5278AF2E2007BD81D /* Release */ = {
			isa = XCBuildConfiguration;
			buildSettings = {
				ASSETCATALOG_COMPILER_APPICON_NAME = AppIcon;
				ASSETCATALOG_COMPILER_GLOBAL_ACCENT_COLOR_NAME = AccentColor;
				CODE_SIGN_STYLE = Automatic;
				CURRENT_PROJECT_VERSION = 1;
				DEVELOPMENT_TEAM = LK3PZ28UMW;
				GENERATE_INFOPLIST_FILE = YES;
				INFOPLIST_FILE = day1Ryadh/Info.plist;
				INFOPLIST_KEY_UIApplicationSupportsIndirectInputEvents = YES;
				INFOPLIST_KEY_UILaunchStoryboardName = LaunchScreen;
				INFOPLIST_KEY_UIMainStoryboardFile = Main;
				INFOPLIST_KEY_UISupportedInterfaceOrientations_iPad = "UIInterfaceOrientationPortrait UIInterfaceOrientationPortraitUpsideDown UIInterfaceOrientationLandscapeLeft UIInterfaceOrientationLandscapeRight";
				INFOPLIST_KEY_UISupportedInterfaceOrientations_iPhone = "UIInterfaceOrientationPortrait UIInterfaceOrientationLandscapeLeft UIInterfaceOrientationLandscapeRight";
				LD_RUNPATH_SEARCH_PATHS = (
					"$(inherited)",
					"@executable_path/Frameworks",
				);
				MARKETING_VERSION = 1.0;
				PRODUCT_BUNDLE_IDENTIFIER = com.Osama.folta.day1Ryadh;
				PRODUCT_NAME = "$(TARGET_NAME)";
				SWIFT_EMIT_LOC_STRINGS = YES;
				SWIFT_VERSION = 5.0;
				TARGETED_DEVICE_FAMILY = "1,2";
			};
			name = Release;
		};
		882C23D7278AF2E2007BD81D /* Debug */ = {
			isa = XCBuildConfiguration;
			buildSettings = {
				ALWAYS_EMBED_SWIFT_STANDARD_LIBRARIES = YES;
				BUNDLE_LOADER = "$(TEST_HOST)";
				CODE_SIGN_STYLE = Automatic;
				CURRENT_PROJECT_VERSION = 1;
				DEVELOPMENT_TEAM = LK3PZ28UMW;
				GENERATE_INFOPLIST_FILE = YES;
				IPHONEOS_DEPLOYMENT_TARGET = 15.0;
				LD_RUNPATH_SEARCH_PATHS = (
					"$(inherited)",
					"@executable_path/Frameworks",
					"@loader_path/Frameworks",
				);
				MARKETING_VERSION = 1.0;
				PRODUCT_BUNDLE_IDENTIFIER = com.Osama.folta.day1RyadhTests;
				PRODUCT_NAME = "$(TARGET_NAME)";
				SWIFT_EMIT_LOC_STRINGS = NO;
				SWIFT_VERSION = 5.0;
				TARGETED_DEVICE_FAMILY = "1,2";
				TEST_HOST = "$(BUILT_PRODUCTS_DIR)/day1Ryadh.app/day1Ryadh";
			};
			name = Debug;
		};
		882C23D8278AF2E2007BD81D /* Release */ = {
			isa = XCBuildConfiguration;
			buildSettings = {
				ALWAYS_EMBED_SWIFT_STANDARD_LIBRARIES = YES;
				BUNDLE_LOADER = "$(TEST_HOST)";
				CODE_SIGN_STYLE = Automatic;
				CURRENT_PROJECT_VERSION = 1;
				DEVELOPMENT_TEAM = LK3PZ28UMW;
				GENERATE_INFOPLIST_FILE = YES;
				IPHONEOS_DEPLOYMENT_TARGET = 15.0;
				LD_RUNPATH_SEARCH_PATHS = (
					"$(inherited)",
					"@executable_path/Frameworks",
					"@loader_path/Frameworks",
				);
				MARKETING_VERSION = 1.0;
				PRODUCT_BUNDLE_IDENTIFIER = com.Osama.folta.day1RyadhTests;
				PRODUCT_NAME = "$(TARGET_NAME)";
				SWIFT_EMIT_LOC_STRINGS = NO;
				SWIFT_VERSION = 5.0;
				TARGETED_DEVICE_FAMILY = "1,2";
				TEST_HOST = "$(BUILT_PRODUCTS_DIR)/day1Ryadh.app/day1Ryadh";
			};
			name = Release;
		};
		882C23DA278AF2E2007BD81D /* Debug */ = {
			isa = XCBuildConfiguration;
			buildSettings = {
				ALWAYS_EMBED_SWIFT_STANDARD_LIBRARIES = YES;
				CODE_SIGN_STYLE = Automatic;
				CURRENT_PROJECT_VERSION = 1;
				DEVELOPMENT_TEAM = LK3PZ28UMW;
				GENERATE_INFOPLIST_FILE = YES;
				LD_RUNPATH_SEARCH_PATHS = (
					"$(inherited)",
					"@executable_path/Frameworks",
					"@loader_path/Frameworks",
				);
				MARKETING_VERSION = 1.0;
				PRODUCT_BUNDLE_IDENTIFIER = com.Osama.folta.day1RyadhUITests;
				PRODUCT_NAME = "$(TARGET_NAME)";
				SWIFT_EMIT_LOC_STRINGS = NO;
				SWIFT_VERSION = 5.0;
				TARGETED_DEVICE_FAMILY = "1,2";
				TEST_TARGET_NAME = day1Ryadh;
			};
			name = Debug;
		};
		882C23DB278AF2E2007BD81D /* Release */ = {
			isa = XCBuildConfiguration;
			buildSettings = {
				ALWAYS_EMBED_SWIFT_STANDARD_LIBRARIES = YES;
				CODE_SIGN_STYLE = Automatic;
				CURRENT_PROJECT_VERSION = 1;
				DEVELOPMENT_TEAM = LK3PZ28UMW;
				GENERATE_INFOPLIST_FILE = YES;
				LD_RUNPATH_SEARCH_PATHS = (
					"$(inherited)",
					"@executable_path/Frameworks",
					"@loader_path/Frameworks",
				);
				MARKETING_VERSION = 1.0;
				PRODUCT_BUNDLE_IDENTIFIER = com.Osama.folta.day1RyadhUITests;
				PRODUCT_NAME = "$(TARGET_NAME)";
				SWIFT_EMIT_LOC_STRINGS = NO;
				SWIFT_VERSION = 5.0;
				TARGETED_DEVICE_FAMILY = "1,2";
				TEST_TARGET_NAME = day1Ryadh;
			};
			name = Release;
		};
/* End XCBuildConfiguration section */

/* Begin XCConfigurationList section */
		882C23A4278AF2DF007BD81D /* Build configuration list for PBXProject "day1Ryadh" */ = {
			isa = XCConfigurationList;
			buildConfigurations = (
				882C23D1278AF2E2007BD81D /* Debug */,
				882C23D2278AF2E2007BD81D /* Release */,
			);
			defaultConfigurationIsVisible = 0;
			defaultConfigurationName = Release;
		};
		882C23D3278AF2E2007BD81D /* Build configuration list for PBXNativeTarget "day1Ryadh" */ = {
			isa = XCConfigurationList;
			buildConfigurations = (
				882C23D4278AF2E2007BD81D /* Debug */,
				882C23D5278AF2E2007BD81D /* Release */,
			);
			defaultConfigurationIsVisible = 0;
			defaultConfigurationName = Release;
		};
		882C23D6278AF2E2007BD81D /* Build configuration list for PBXNativeTarget "day1RyadhTests" */ = {
			isa = XCConfigurationList;
			buildConfigurations = (
				882C23D7278AF2E2007BD81D /* Debug */,
				882C23D8278AF2E2007BD81D /* Release */,
			);
			defaultConfigurationIsVisible = 0;
			defaultConfigurationName = Release;
		};
		882C23D9278AF2E2007BD81D /* Build configuration list for PBXNativeTarget "day1RyadhUITests" */ = {
			isa = XCConfigurationList;
			buildConfigurations = (
				882C23DA278AF2E2007BD81D /* Debug */,
				882C23DB278AF2E2007BD81D /* Release */,
			);
			defaultConfigurationIsVisible = 0;
			defaultConfigurationName = Release;
		};
/* End XCConfigurationList section */
	};
	rootObject = 882C23A1278AF2DF007BD81D /* Project object */;
}
